
Microsoft Visual Studio Solution File, Format Version 12.00
# Visual Studio Version 17
VisualStudioVersion = 17.3.32901.215
MinimumVisualStudioVersion = 10.0.40219.1
Project("{9A19103F-16F7-4668-BE54-9A1E7A4F7556}") = "jeamin.API", "jeamin.API\jeamin.API.csproj", "{B69BAE59-7057-4D86-9973-BEAD5AB3D0EE}"
EndProject
Project("{9A19103F-16F7-4668-BE54-9A1E7A4F7556}") = "jeamin.AppDbContext", "jeamin.AppDbContext\jeamin.AppDbContext.csproj", "{02C3F61B-2840-4778-9767-C2F55826928E}"
EndProject
Project("{9A19103F-16F7-4668-BE54-9A1E7A4F7556}") = "jeamin.Entities", "jeamin.Entities\jeamin.Entities.csproj", "{10AFBDEA-F4BC-4F8B-AD71-FA6E425CA4D5}"
EndProject
Project("{9A19103F-16F7-4668-BE54-9A1E7A4F7556}") = "jeamin.Extensions", "jeamin.Extensions\jeamin.Extensions.csproj", "{2A22A9F6-9556-4A36-9FC5-EE43C4FC9F5B}"
EndProject
Project("{9A19103F-16F7-4668-BE54-9A1E7A4F7556}") = "jeamin.Interface", "jeamin.Interface\jeamin.Interface.csproj", "{F9DD29DB-A038-4713-998E-A2479A20589D}"
EndProject
Project("{9A19103F-16F7-4668-BE54-9A1E7A4F7556}") = "jeamin.Models", "jeamin.Models\jeamin.Models.csproj", "{3D16F0A3-C7C1-4481-A402-956A31303E2C}"
EndProject
Project("{9A19103F-16F7-4668-BE54-9A1E7A4F7556}") = "jeamin.Service", "jeamin.Service\jeamin.Service.csproj", "{C44F7E3D-CD39-42A5-B45E-BBB7A3E0DE70}"
EndProject
Project("{9A19103F-16F7-4668-BE54-9A1E7A4F7556}") = "jeamin.Utilities", "jeamin.Utilities\jeamin.Utilities.csproj", "{108A503A-8610-462B-8F11-05D76B34F4FA}"
EndProject
Project("{9A19103F-16F7-4668-BE54-9A1E7A4F7556}") = "jeamin.BaseAPI", "jeamin.BaseAPI\jeamin.BaseAPI.csproj", "{1E2CD4DF-720E-419C-BA86-B2D8521A2619}"
EndProject
Project("{9A19103F-16F7-4668-BE54-9A1E7A4F7556}") = "jeamin.Request", "jeamin.Request\jeamin.Request.csproj", "{2779E68E-C42B-46FC-B555-CF3C2A3AC44D}"
EndProject
Global
	GlobalSection(SolutionConfigurationPlatforms) = preSolution
		Debug|Any CPU = Debug|Any CPU
		Release|Any CPU = Release|Any CPU
	EndGlobalSection
	GlobalSection(ProjectConfigurationPlatforms) = postSolution
		{B69BAE59-7057-4D86-9973-BEAD5AB3D0EE}.Debug|Any CPU.ActiveCfg = Debug|Any CPU
		{B69BAE59-7057-4D86-9973-BEAD5AB3D0EE}.Debug|Any CPU.Build.0 = Debug|Any CPU
		{B69BAE59-7057-4D86-9973-BEAD5AB3D0EE}.Release|Any CPU.ActiveCfg = Release|Any CPU
		{B69BAE59-7057-4D86-9973-BEAD5AB3D0EE}.Release|Any CPU.Build.0 = Release|Any CPU
		{02C3F61B-2840-4778-9767-C2F55826928E}.Debug|Any CPU.ActiveCfg = Debug|Any CPU
		{02C3F61B-2840-4778-9767-C2F55826928E}.Debug|Any CPU.Build.0 = Debug|Any CPU
		{02C3F61B-2840-4778-9767-C2F55826928E}.Release|Any CPU.ActiveCfg = Release|Any CPU
		{02C3F61B-2840-4778-9767-C2F55826928E}.Release|Any CPU.Build.0 = Release|Any CPU
		{10AFBDEA-F4BC-4F8B-AD71-FA6E425CA4D5}.Debug|Any CPU.ActiveCfg = Debug|Any CPU
		{10AFBDEA-F4BC-4F8B-AD71-FA6E425CA4D5}.Debug|Any CPU.Build.0 = Debug|Any CPU
		{10AFBDEA-F4BC-4F8B-AD71-FA6E425CA4D5}.Release|Any CPU.ActiveCfg = Release|Any CPU
		{10AFBDEA-F4BC-4F8B-AD71-FA6E425CA4D5}.Release|Any CPU.Build.0 = Release|Any CPU
		{2A22A9F6-9556-4A36-9FC5-EE43C4FC9F5B}.Debug|Any CPU.ActiveCfg = Debug|Any CPU
		{2A22A9F6-9556-4A36-9FC5-EE43C4FC9F5B}.Debug|Any CPU.Build.0 = Debug|Any CPU
		{2A22A9F6-9556-4A36-9FC5-EE43C4FC9F5B}.Release|Any CPU.ActiveCfg = Release|Any CPU
		{2A22A9F6-9556-4A36-9FC5-EE43C4FC9F5B}.Release|Any CPU.Build.0 = Release|Any CPU
		{F9DD29DB-A038-4713-998E-A2479A20589D}.Debug|Any CPU.ActiveCfg = Debug|Any CPU
		{F9DD29DB-A038-4713-998E-A2479A20589D}.Debug|Any CPU.Build.0 = Debug|Any CPU
		{F9DD29DB-A038-4713-998E-A2479A20589D}.Release|Any CPU.ActiveCfg = Release|Any CPU
		{F9DD29DB-A038-4713-998E-A2479A20589D}.Release|Any CPU.Build.0 = Release|Any CPU
		{3D16F0A3-C7C1-4481-A402-956A31303E2C}.Debug|Any CPU.ActiveCfg = Debug|Any CPU
		{3D16F0A3-C7C1-4481-A402-956A31303E2C}.Debug|Any CPU.Build.0 = Debug|Any CPU
		{3D16F0A3-C7C1-4481-A402-956A31303E2C}.Release|Any CPU.ActiveCfg = Release|Any CPU
		{3D16F0A3-C7C1-4481-A402-956A31303E2C}.Release|Any CPU.Build.0 = Release|Any CPU
		{C44F7E3D-CD39-42A5-B45E-BBB7A3E0DE70}.Debug|Any CPU.ActiveCfg = Debug|Any CPU
		{C44F7E3D-CD39-42A5-B45E-BBB7A3E0DE70}.Debug|Any CPU.Build.0 = Debug|Any CPU
		{C44F7E3D-CD39-42A5-B45E-BBB7A3E0DE70}.Release|Any CPU.ActiveCfg = Release|Any CPU
		{C44F7E3D-CD39-42A5-B45E-BBB7A3E0DE70}.Release|Any CPU.Build.0 = Release|Any CPU
		{108A503A-8610-462B-8F11-05D76B34F4FA}.Debug|Any CPU.ActiveCfg = Debug|Any CPU
		{108A503A-8610-462B-8F11-05D76B34F4FA}.Debug|Any CPU.Build.0 = Debug|Any CPU
		{108A503A-8610-462B-8F11-05D76B34F4FA}.Release|Any CPU.ActiveCfg = Release|Any CPU
		{108A503A-8610-462B-8F11-05D76B34F4FA}.Release|Any CPU.Build.0 = Release|Any CPU
		{1E2CD4DF-720E-419C-BA86-B2D8521A2619}.Debug|Any CPU.ActiveCfg = Debug|Any CPU
		{1E2CD4DF-720E-419C-BA86-B2D8521A2619}.Debug|Any CPU.Build.0 = Debug|Any CPU
		{1E2CD4DF-720E-419C-BA86-B2D8521A2619}.Release|Any CPU.ActiveCfg = Release|Any CPU
		{1E2CD4DF-720E-419C-BA86-B2D8521A2619}.Release|Any CPU.Build.0 = Release|Any CPU
		{2779E68E-C42B-46FC-B555-CF3C2A3AC44D}.Debug|Any CPU.ActiveCfg = Debug|Any CPU
		{2779E68E-C42B-46FC-B555-CF3C2A3AC44D}.Debug|Any CPU.Build.0 = Debug|Any CPU
		{2779E68E-C42B-46FC-B555-CF3C2A3AC44D}.Release|Any CPU.ActiveCfg = Release|Any CPU
		{2779E68E-C42B-46FC-B555-CF3C2A3AC44D}.Release|Any CPU.Build.0 = Release|Any CPU
	EndGlobalSection
	GlobalSection(SolutionProperties) = preSolution
		HideSolutionNode = FALSE
	EndGlobalSection
	GlobalSection(ExtensibilityGlobals) = postSolution
		SolutionGuid = {37B9DC35-7372-442F-AA73-763AD763CCBA}
	EndGlobalSection
EndGlobal
